
Microsoft Visual Studio Solution File, Format Version 12.00
# Visual Studio Version 17
VisualStudioVersion = 17.11.35312.102
MinimumVisualStudioVersion = 10.0.40219.1
Project("{FAE04EC0-301F-11D3-BF4B-00C04F79EFBC}") = "FearAndHunger2Wiki", "FearAndHunger2Wiki\FearAndHunger2Wiki.csproj", "{A10FE033-62F7-4A01-B18F-4A3E2907EB88}"
EndProject
Global
	GlobalSection(SolutionConfigurationPlatforms) = preSolution
		Debug|Any CPU = Debug|Any CPU
		Release|Any CPU = Release|Any CPU
	EndGlobalSection
	GlobalSection(ProjectConfigurationPlatforms) = postSolution
		{A10FE033-62F7-4A01-B18F-4A3E2907EB88}.Debug|Any CPU.ActiveCfg = Debug|Any CPU
		{A10FE033-62F7-4A01-B18F-4A3E2907EB88}.Debug|Any CPU.Build.0 = Debug|Any CPU
		{A10FE033-62F7-4A01-B18F-4A3E2907EB88}.Release|Any CPU.ActiveCfg = Release|Any CPU
		{A10FE033-62F7-4A01-B18F-4A3E2907EB88}.Release|Any CPU.Build.0 = Release|Any CPU
	EndGlobalSection
	GlobalSection(SolutionProperties) = preSolution
		HideSolutionNode = FALSE
	EndGlobalSection
	GlobalSection(ExtensibilityGlobals) = postSolution
		SolutionGuid = {9364E383-6C89-43D1-B0BE-E8E9018A7B0F}
	EndGlobalSection
EndGlobal
